
Microsoft Visual Studio Solution File, Format Version 12.00
# Visual Studio 2012
Project("{FAE04EC0-301F-11D3-BF4B-00C04F79EFBC}") = "smartGPS.UI", "smartGPS\smartGPS.UI.csproj", "{7B35DCB3-D580-4645-B4AF-06D717FB2F07}"
EndProject
Project("{FAE04EC0-301F-11D3-BF4B-00C04F79EFBC}") = "smartGPS.Persistence", "smartGPS.Persistence\smartGPS.Persistence.csproj", "{40F74A83-186D-4EFB-BDC6-8689555FA752}"
EndProject
Project("{FAE04EC0-301F-11D3-BF4B-00C04F79EFBC}") = "smartGPS.BusinessLogic", "smartGPS.BusinessLogic\smartGPS.BusinessLogic.csproj", "{A4ABB0A7-37CF-4138-BF13-1C148504E551}"
EndProject
Global
	GlobalSection(SolutionConfigurationPlatforms) = preSolution
		Debug|Any CPU = Debug|Any CPU
		Release|Any CPU = Release|Any CPU
	EndGlobalSection
	GlobalSection(ProjectConfigurationPlatforms) = postSolution
		{7B35DCB3-D580-4645-B4AF-06D717FB2F07}.Debug|Any CPU.ActiveCfg = Debug|Any CPU
		{7B35DCB3-D580-4645-B4AF-06D717FB2F07}.Debug|Any CPU.Build.0 = Debug|Any CPU
		{7B35DCB3-D580-4645-B4AF-06D717FB2F07}.Release|Any CPU.ActiveCfg = Release|Any CPU
		{7B35DCB3-D580-4645-B4AF-06D717FB2F07}.Release|Any CPU.Build.0 = Release|Any CPU
		{40F74A83-186D-4EFB-BDC6-8689555FA752}.Debug|Any CPU.ActiveCfg = Debug|Any CPU
		{40F74A83-186D-4EFB-BDC6-8689555FA752}.Debug|Any CPU.Build.0 = Debug|Any CPU
		{40F74A83-186D-4EFB-BDC6-8689555FA752}.Release|Any CPU.ActiveCfg = Release|Any CPU
		{40F74A83-186D-4EFB-BDC6-8689555FA752}.Release|Any CPU.Build.0 = Release|Any CPU
		{A4ABB0A7-37CF-4138-BF13-1C148504E551}.Debug|Any CPU.ActiveCfg = Debug|Any CPU
		{A4ABB0A7-37CF-4138-BF13-1C148504E551}.Debug|Any CPU.Build.0 = Debug|Any CPU
		{A4ABB0A7-37CF-4138-BF13-1C148504E551}.Release|Any CPU.ActiveCfg = Release|Any CPU
		{A4ABB0A7-37CF-4138-BF13-1C148504E551}.Release|Any CPU.Build.0 = Release|Any CPU
	EndGlobalSection
	GlobalSection(SolutionProperties) = preSolution
		HideSolutionNode = FALSE
	EndGlobalSection
EndGlobal
