
Microsoft Visual Studio Solution File, Format Version 12.00
# Visual Studio 2012
Project("{FAE04EC0-301F-11D3-BF4B-00C04F79EFBC}") = "smartGPS", "smartGPS\smartGPS.csproj", "{3EB27210-A6C9-47B7-B330-1EF2195DE3A8}"
EndProject
Project("{FAE04EC0-301F-11D3-BF4B-00C04F79EFBC}") = "smartGPS.Persistance", "smartGPS.Persistance\smartGPS.Persistance.csproj", "{D9577CB7-1DA0-4F2C-BB6D-0BB25492B55C}"
EndProject
Project("{FAE04EC0-301F-11D3-BF4B-00C04F79EFBC}") = "smartGPS.Business", "smartGPS.Business\smartGPS.Business.csproj", "{1D03DB55-2E55-4470-A2D7-11B5CB7202F2}"
EndProject
Global
	GlobalSection(SolutionConfigurationPlatforms) = preSolution
		Debug|Any CPU = Debug|Any CPU
		Release|Any CPU = Release|Any CPU
	EndGlobalSection
	GlobalSection(ProjectConfigurationPlatforms) = postSolution
		{3EB27210-A6C9-47B7-B330-1EF2195DE3A8}.Debug|Any CPU.ActiveCfg = Debug|Any CPU
		{3EB27210-A6C9-47B7-B330-1EF2195DE3A8}.Debug|Any CPU.Build.0 = Debug|Any CPU
		{3EB27210-A6C9-47B7-B330-1EF2195DE3A8}.Release|Any CPU.ActiveCfg = Release|Any CPU
		{3EB27210-A6C9-47B7-B330-1EF2195DE3A8}.Release|Any CPU.Build.0 = Release|Any CPU
		{D9577CB7-1DA0-4F2C-BB6D-0BB25492B55C}.Debug|Any CPU.ActiveCfg = Debug|Any CPU
		{D9577CB7-1DA0-4F2C-BB6D-0BB25492B55C}.Debug|Any CPU.Build.0 = Debug|Any CPU
		{D9577CB7-1DA0-4F2C-BB6D-0BB25492B55C}.Release|Any CPU.ActiveCfg = Release|Any CPU
		{D9577CB7-1DA0-4F2C-BB6D-0BB25492B55C}.Release|Any CPU.Build.0 = Release|Any CPU
		{1D03DB55-2E55-4470-A2D7-11B5CB7202F2}.Debug|Any CPU.ActiveCfg = Debug|Any CPU
		{1D03DB55-2E55-4470-A2D7-11B5CB7202F2}.Debug|Any CPU.Build.0 = Debug|Any CPU
		{1D03DB55-2E55-4470-A2D7-11B5CB7202F2}.Release|Any CPU.ActiveCfg = Release|Any CPU
		{1D03DB55-2E55-4470-A2D7-11B5CB7202F2}.Release|Any CPU.Build.0 = Release|Any CPU
	EndGlobalSection
	GlobalSection(SolutionProperties) = preSolution
		HideSolutionNode = FALSE
	EndGlobalSection
EndGlobal
